<?xml version="1.0" encoding="utf-8"?>
<Project ToolsVersion="4.0" xmlns="http://schemas.microsoft.com/developer/msbuild/2003">
  <ItemGroup>
    <Filter Include="Header Files">
      <UniqueIdentifier>{93995380-89BD-4b04-88EB-625FBE52EBFB}</UniqueIdentifier>
      <Extensions>h;hpp;hxx;hm;inl;inc;xsd</Extensions>
    </Filter>
    <Filter Include="Resource Files">
      <UniqueIdentifier>{67DA6AB6-F800-4c08-8B7A-83BB121AAD01}</UniqueIdentifier>
      <Extensions>rc;ico;cur;bmp;dlg;rc2;rct;bin;rgs;gif;jpg;jpeg;jpe;resx</Extensions>
    </Filter>
    <Filter Include="Source Files">
      <UniqueIdentifier>{4FC737F1-C7A5-4376-A066-2A32D752A2FF}</UniqueIdentifier>
      <Extensions>cpp;c;cc;cxx;def;odl;idl;hpj;bat;asm;asmx</Extensions>
    </Filter>
    <Filter Include="SWIG">
      <UniqueIdentifier>{e31b59d7-71c3-40b2-a483-a61587ed73a4}</UniqueIdentifier>
    </Filter>
  </ItemGroup>
  <ItemGroup>
    <ClInclude Include="src\idajava_consts.h">
      <Filter>Header Files</Filter>
    </ClInclude>
    <ClInclude Include="src\idajava_main.h">
      <Filter>Header Files</Filter>
    </ClInclude>
    <ClInclude Include="src\idajava_natives.h">
      <Filter>Header Files</Filter>
    </ClInclude>
    <ClInclude Include="src\idajava_pluginclass.h">
      <Filter>Header Files</Filter>
    </ClInclude>
    <ClInclude Include="src\idajava_jvm.h">
      <Filter>Header Files</Filter>
    </ClInclude>
    <ClInclude Include="src\idajava_windows.h">
      <Filter>Header Files</Filter>
    </ClInclude>
  </ItemGroup>
  <ItemGroup>
    <ClCompile Include="src\idajava_main.cpp">
      <Filter>Source Files</Filter>
    </ClCompile>
    <ClCompile Include="src\idajava_natives.cpp">
      <Filter>Source Files</Filter>
    </ClCompile>
    <ClCompile Include="src\idajava_pluginclass.cpp">
      <Filter>Source Files</Filter>
    </ClCompile>
    <ClCompile Include="src\idajava_jvm.cpp">
      <Filter>Source Files</Filter>
    </ClCompile>
    <ClCompile Include="src\idajava_windows.cpp">
      <Filter>Source Files</Filter>
    </ClCompile>
    <ClCompile Include="src\idajava_idaapi_wrap.cxx">
      <Filter>Source Files</Filter>
    </ClCompile>
  </ItemGroup>
  <ItemGroup>
    <None Include="src\area.i">
      <Filter>SWIG</Filter>
    </None>
    <None Include="src\ua.i">
      <Filter>SWIG</Filter>
    </None>
    <None Include="src\auto.i">
      <Filter>SWIG</Filter>
    </None>
    <None Include="src\bytes.i">
      <Filter>SWIG</Filter>
    </None>
    <None Include="src\diskio.i">
      <Filter>SWIG</Filter>
    </None>
    <None Include="src\expr.i">
      <Filter>SWIG</Filter>
    </None>
    <None Include="src\fixup.i">
      <Filter>SWIG</Filter>
    </None>
    <None Include="src\fpro.i">
      <Filter>SWIG</Filter>
    </None>
    <None Include="src\frame.i">
      <Filter>SWIG</Filter>
    </None>
    <None Include="src\funcs.i">
      <Filter>SWIG</Filter>
    </None>
    <None Include="src\help.i">
      <Filter>SWIG</Filter>
    </None>
    <None Include="src\ida.i">
      <Filter>SWIG</Filter>
    </None>
    <None Include="src\idajava_idaapi.i">
      <Filter>SWIG</Filter>
    </None>
    <None Include="src\idajava_natives.i">
      <Filter>SWIG</Filter>
    </None>
    <None Include="src\idp.i">
      <Filter>SWIG</Filter>
    </None>
    <None Include="src\ints.i">
      <Filter>SWIG</Filter>
    </None>
    <None Include="src\kernwin.i">
      <Filter>SWIG</Filter>
    </None>
    <None Include="src\llong.i">
      <Filter>SWIG</Filter>
    </None>
    <None Include="src\loader.i">
      <Filter>SWIG</Filter>
    </None>
    <None Include="src\nalt.i">
      <Filter>SWIG</Filter>
    </None>
    <None Include="src\name.i">
      <Filter>SWIG</Filter>
    </None>
    <None Include="src\offset.i">
      <Filter>SWIG</Filter>
    </None>
    <None Include="src\operators.i">
      <Filter>SWIG</Filter>
    </None>
    <None Include="src\pro.i">
      <Filter>SWIG</Filter>
    </None>
    <None Include="src\segment.i">
      <Filter>SWIG</Filter>
    </None>
    <None Include="src\struct.i">
      <Filter>SWIG</Filter>
    </None>
    <None Include="src\xref.i">
      <Filter>SWIG</Filter>
    </None>
    <None Include="src\srarea.i">
      <Filter>SWIG</Filter>
    </None>
    <None Include="src\allins.i">
      <Filter>SWIG</Filter>
    </None>
    <None Include="src\demangle.i">
      <Filter>SWIG</Filter>
    </None>
    <None Include="src\entry.i">
      <Filter>SWIG</Filter>
    </None>
    <None Include="src\enum.i">
      <Filter>SWIG</Filter>
    </None>
    <None Include="src\exehdr.i">
      <Filter>SWIG</Filter>
    </None>
    <None Include="src\gdl.i">
      <Filter>SWIG</Filter>
    </None>
    <None Include="src\graph.i">
      <Filter>SWIG</Filter>
    </None>
    <None Include="src\idd.i">
      <Filter>SWIG</Filter>
    </None>
    <None Include="src\ieee.i">
      <Filter>SWIG</Filter>
    </None>
    <None Include="src\intel.i">
      <Filter>SWIG</Filter>
    </None>
    <None Include="src\md5.i">
      <Filter>SWIG</Filter>
    </None>
    <None Include="src\lex.i">
      <Filter>SWIG</Filter>
    </None>
  </ItemGroup>
</Project>